
Microsoft Visual Studio Solution File, Format Version 12.00
# Visual Studio Version 17
VisualStudioVersion = 17.8.34330.188
MinimumVisualStudioVersion = 10.0.40219.1
Project("{FAE04EC0-301F-11D3-BF4B-00C04F79EFBC}") = "MvcKyp", "MvcKyp.csproj", "{BB9743FF-F43C-48D3-8B5A-B44612DA4FAA}"
EndProject
Global
	GlobalSection(SolutionConfigurationPlatforms) = preSolution
		Debug|Any CPU = Debug|Any CPU
		Release|Any CPU = Release|Any CPU
	EndGlobalSection
	GlobalSection(ProjectConfigurationPlatforms) = postSolution
		{BB9743FF-F43C-48D3-8B5A-B44612DA4FAA}.Debug|Any CPU.ActiveCfg = Debug|Any CPU
		{BB9743FF-F43C-48D3-8B5A-B44612DA4FAA}.Debug|Any CPU.Build.0 = Debug|Any CPU
		{BB9743FF-F43C-48D3-8B5A-B44612DA4FAA}.Release|Any CPU.ActiveCfg = Release|Any CPU
		{BB9743FF-F43C-48D3-8B5A-B44612DA4FAA}.Release|Any CPU.Build.0 = Release|Any CPU
	EndGlobalSection
	GlobalSection(SolutionProperties) = preSolution
		HideSolutionNode = FALSE
	EndGlobalSection
	GlobalSection(ExtensibilityGlobals) = postSolution
		SolutionGuid = {99AFDB3D-2EA7-4DC8-8CCB-021F81930109}
	EndGlobalSection
EndGlobal
